# This file is autogenerated, do not edit; changes may be undone by the next 'dep ensure'.


[[projects]]
  digest = "1:20dbb728c205ac25c2bc11117b098993a4cfed4275b389ffa87aa829a98147fe"
  name = "github.com/go-chi/chi"
  packages = ["."]
  pruneopts = "UT"
  revision = "0316d5a1df8598eceb137f5f77945be56810b564"
  version = "v5.0.7"

[solve-meta]
  analyzer-name = "dep"
  analyzer-version = 1
  input-imports = ["github.com/go-chi/chi"]
  solver-name = "gps-cdcl"
  solver-version = 1
